
Microsoft Visual Studio Solution File, Format Version 12.00
# Visual Studio Version 16
VisualStudioVersion = 16.0.32126.315
MinimumVisualStudioVersion = 10.0.40219.1
Project("{9A19103F-16F7-4668-BE54-9A1E7A4F7556}") = "ApiUsuarios", "ApiUsuarios\ApiUsuarios.csproj", "{74A10F67-7B20-48F3-B9EE-46023E6757FE}"
EndProject
Project("{FAE04EC0-301F-11D3-BF4B-00C04F79EFBC}") = "WinAppUsuarios", "WinAppUsuarios\WinAppUsuarios.csproj", "{78A8399F-1E85-484E-93BB-F7901E876AF5}"
EndProject
Global
	GlobalSection(SolutionConfigurationPlatforms) = preSolution
		Debug|Any CPU = Debug|Any CPU
		Release|Any CPU = Release|Any CPU
	EndGlobalSection
	GlobalSection(ProjectConfigurationPlatforms) = postSolution
		{74A10F67-7B20-48F3-B9EE-46023E6757FE}.Debug|Any CPU.ActiveCfg = Debug|Any CPU
		{74A10F67-7B20-48F3-B9EE-46023E6757FE}.Debug|Any CPU.Build.0 = Debug|Any CPU
		{74A10F67-7B20-48F3-B9EE-46023E6757FE}.Release|Any CPU.ActiveCfg = Release|Any CPU
		{74A10F67-7B20-48F3-B9EE-46023E6757FE}.Release|Any CPU.Build.0 = Release|Any CPU
		{78A8399F-1E85-484E-93BB-F7901E876AF5}.Debug|Any CPU.ActiveCfg = Debug|Any CPU
		{78A8399F-1E85-484E-93BB-F7901E876AF5}.Debug|Any CPU.Build.0 = Debug|Any CPU
		{78A8399F-1E85-484E-93BB-F7901E876AF5}.Release|Any CPU.ActiveCfg = Release|Any CPU
		{78A8399F-1E85-484E-93BB-F7901E876AF5}.Release|Any CPU.Build.0 = Release|Any CPU
	EndGlobalSection
	GlobalSection(SolutionProperties) = preSolution
		HideSolutionNode = FALSE
	EndGlobalSection
	GlobalSection(ExtensibilityGlobals) = postSolution
		SolutionGuid = {433D1301-9E8E-4B12-BC88-60B8CF74E0BE}
	EndGlobalSection
EndGlobal
